
Microsoft Visual Studio Solution File, Format Version 12.00
# Visual Studio Version 17
VisualStudioVersion = 17.1.32414.318
MinimumVisualStudioVersion = 10.0.40219.1
Project("{FAE04EC0-301F-11D3-BF4B-00C04F79EFBC}") = "ProjectECommerceWebsite", "ProjectECommerceWebsite\ProjectECommerceWebsite.csproj", "{31B6F87D-2470-4991-9BDC-ED2D7ECB535F}"
EndProject
Global
	GlobalSection(SolutionConfigurationPlatforms) = preSolution
		Debug|Any CPU = Debug|Any CPU
		Release|Any CPU = Release|Any CPU
	EndGlobalSection
	GlobalSection(ProjectConfigurationPlatforms) = postSolution
		{31B6F87D-2470-4991-9BDC-ED2D7ECB535F}.Debug|Any CPU.ActiveCfg = Debug|Any CPU
		{31B6F87D-2470-4991-9BDC-ED2D7ECB535F}.Debug|Any CPU.Build.0 = Debug|Any CPU
		{31B6F87D-2470-4991-9BDC-ED2D7ECB535F}.Release|Any CPU.ActiveCfg = Release|Any CPU
		{31B6F87D-2470-4991-9BDC-ED2D7ECB535F}.Release|Any CPU.Build.0 = Release|Any CPU
	EndGlobalSection
	GlobalSection(SolutionProperties) = preSolution
		HideSolutionNode = FALSE
	EndGlobalSection
	GlobalSection(ExtensibilityGlobals) = postSolution
		SolutionGuid = {2B596F7C-AA42-4C73-ADEF-AF255EEFD495}
	EndGlobalSection
EndGlobal
